
Microsoft Visual Studio Solution File, Format Version 12.00
Project("{FAE04EC0-301F-11D3-BF4B-00C04F79EFBC}") = "MatrixMultiplication", "MatrixMultiplication\MatrixMultiplication.csproj", "{3C1ACBE6-BD12-4934-A58E-10141C3D6419}"
EndProject
Project("{FAE04EC0-301F-11D3-BF4B-00C04F79EFBC}") = "matrixmultiplication.Test", "matrixmultiplication.Test\matrixmultiplication.Test.csproj", "{93242727-EAF9-411B-AFFD-8FFFF083BE84}"
EndProject
Global
	GlobalSection(SolutionConfigurationPlatforms) = preSolution
		Debug|Any CPU = Debug|Any CPU
		Release|Any CPU = Release|Any CPU
	EndGlobalSection
	GlobalSection(ProjectConfigurationPlatforms) = postSolution
		{3C1ACBE6-BD12-4934-A58E-10141C3D6419}.Debug|Any CPU.ActiveCfg = Debug|Any CPU
		{3C1ACBE6-BD12-4934-A58E-10141C3D6419}.Debug|Any CPU.Build.0 = Debug|Any CPU
		{3C1ACBE6-BD12-4934-A58E-10141C3D6419}.Release|Any CPU.ActiveCfg = Release|Any CPU
		{3C1ACBE6-BD12-4934-A58E-10141C3D6419}.Release|Any CPU.Build.0 = Release|Any CPU
		{93242727-EAF9-411B-AFFD-8FFFF083BE84}.Debug|Any CPU.ActiveCfg = Debug|Any CPU
		{93242727-EAF9-411B-AFFD-8FFFF083BE84}.Debug|Any CPU.Build.0 = Debug|Any CPU
		{93242727-EAF9-411B-AFFD-8FFFF083BE84}.Release|Any CPU.ActiveCfg = Release|Any CPU
		{93242727-EAF9-411B-AFFD-8FFFF083BE84}.Release|Any CPU.Build.0 = Release|Any CPU
	EndGlobalSection
EndGlobal
